
Microsoft Visual Studio Solution File, Format Version 12.00
# Visual Studio Version 16
VisualStudioVersion = 16.0.29905.134
MinimumVisualStudioVersion = 10.0.40219.1
Project("{FAE04EC0-301F-11D3-BF4B-00C04F79EFBC}") = "MaterialDesignApp", "MaterialDesignApp\MaterialDesignApp.csproj", "{8E0BB160-F829-49D0-9B68-B6F6C545AC8C}"
EndProject
Global
	GlobalSection(SolutionConfigurationPlatforms) = preSolution
		Debug|Any CPU = Debug|Any CPU
		Release|Any CPU = Release|Any CPU
	EndGlobalSection
	GlobalSection(ProjectConfigurationPlatforms) = postSolution
		{8E0BB160-F829-49D0-9B68-B6F6C545AC8C}.Debug|Any CPU.ActiveCfg = Debug|Any CPU
		{8E0BB160-F829-49D0-9B68-B6F6C545AC8C}.Debug|Any CPU.Build.0 = Debug|Any CPU
		{8E0BB160-F829-49D0-9B68-B6F6C545AC8C}.Release|Any CPU.ActiveCfg = Release|Any CPU
		{8E0BB160-F829-49D0-9B68-B6F6C545AC8C}.Release|Any CPU.Build.0 = Release|Any CPU
	EndGlobalSection
	GlobalSection(SolutionProperties) = preSolution
		HideSolutionNode = FALSE
	EndGlobalSection
	GlobalSection(ExtensibilityGlobals) = postSolution
		SolutionGuid = {0FC97621-12A8-4090-803D-9F21854839C6}
	EndGlobalSection
EndGlobal
